
Microsoft Visual Studio Solution File, Format Version 12.00
# Visual Studio Version 16
VisualStudioVersion = 16.0.31205.134
MinimumVisualStudioVersion = 10.0.40219.1
Project("{FAE04EC0-301F-11D3-BF4B-00C04F79EFBC}") = "Hangman_workshop_Bot", "Hangman_workshop_Bot.csproj", "{92ACF78C-C9E3-4C07-A55D-25DF514D6008}"
EndProject
Global
	GlobalSection(SolutionConfigurationPlatforms) = preSolution
		Debug|Any CPU = Debug|Any CPU
		Release|Any CPU = Release|Any CPU
	EndGlobalSection
	GlobalSection(ProjectConfigurationPlatforms) = postSolution
		{92ACF78C-C9E3-4C07-A55D-25DF514D6008}.Debug|Any CPU.ActiveCfg = Debug|Any CPU
		{92ACF78C-C9E3-4C07-A55D-25DF514D6008}.Debug|Any CPU.Build.0 = Debug|Any CPU
		{92ACF78C-C9E3-4C07-A55D-25DF514D6008}.Release|Any CPU.ActiveCfg = Release|Any CPU
		{92ACF78C-C9E3-4C07-A55D-25DF514D6008}.Release|Any CPU.Build.0 = Release|Any CPU
	EndGlobalSection
	GlobalSection(SolutionProperties) = preSolution
		HideSolutionNode = FALSE
	EndGlobalSection
	GlobalSection(ExtensibilityGlobals) = postSolution
		SolutionGuid = {6D4E9391-61CB-4434-A4DE-F985950C9169}
	EndGlobalSection
EndGlobal
